{
  "name": "example",
  "version": "1.0.0",
  "lockfileVersion": 1,
  "requires": true,
  "dependencies": {
    "helpme-js": {
      "version": "0.1.3",
      "resolved": "https://registry.npmjs.org/helpme-js/-/helpme-js-0.1.3.tgz",
      "integrity": "sha512-aGTyYIGLTRHBJm4Rb/H8+a2iz8OiY9bEpi1+hczhD3f3/urwcFGPHW4nWiqnPxMrJ+gBf/SILsQgmkEl4BlCrw=="
    }
  }
}
