{
  "name": "example",
  "version": "1.0.0",
  "lockfileVersion": 1,
  "requires": true,
  "dependencies": {
    "helpme-js": {
      "version": "0.1.2",
      "resolved": "https://registry.npmjs.org/helpme-js/-/helpme-js-0.1.2.tgz",
      "integrity": "sha512-8j+uUH5Ok03MxjkfgcswDr5b+MEtWjf/8IqbFvcGaqtTitloA/+Y57/tDpDYzSV909XDYMlMvC8NJthZ8BkB+g=="
    }
  }
}
