{
  "name": "example",
  "version": "1.0.0",
  "lockfileVersion": 1,
  "requires": true,
  "dependencies": {
    "helpme-js": {
      "version": "0.0.5",
      "resolved": "https://registry.npmjs.org/helpme-js/-/helpme-js-0.0.5.tgz",
      "integrity": "sha512-sA+Qi65OmGngjBHl1yzR18Xjj5M5oXOVURMw6el0/BQnu40VxWFXnQjU8bnneVUtcz5rFYfvphMO2lAaq5/HFA=="
    }
  }
}
